
Microsoft Visual Studio Solution File, Format Version 12.00
# Visual Studio Version 17
VisualStudioVersion = 17.14.36804.6 d17.14
MinimumVisualStudioVersion = 10.0.40219.1
Project("{8BC9CEB8-8B4A-11D0-8D11-00A0C91BC942}") = "CalibrationCurveInterpolator", "CalibrationCurveInterpolator.vcxproj", "{25C48E15-99C8-40BB-822C-86013A9F9870}"
EndProject
Global
	GlobalSection(SolutionConfigurationPlatforms) = preSolution
		Debug|x64 = Debug|x64
		Debug|x86 = Debug|x86
		Release|x64 = Release|x64
		Release|x86 = Release|x86
	EndGlobalSection
	GlobalSection(ProjectConfigurationPlatforms) = postSolution
		{25C48E15-99C8-40BB-822C-86013A9F9870}.Debug|x64.ActiveCfg = Debug|x64
		{25C48E15-99C8-40BB-822C-86013A9F9870}.Debug|x64.Build.0 = Debug|x64
		{25C48E15-99C8-40BB-822C-86013A9F9870}.Debug|x86.ActiveCfg = Debug|Win32
		{25C48E15-99C8-40BB-822C-86013A9F9870}.Debug|x86.Build.0 = Debug|Win32
		{25C48E15-99C8-40BB-822C-86013A9F9870}.Release|x64.ActiveCfg = Release|x64
		{25C48E15-99C8-40BB-822C-86013A9F9870}.Release|x64.Build.0 = Release|x64
		{25C48E15-99C8-40BB-822C-86013A9F9870}.Release|x86.ActiveCfg = Release|Win32
		{25C48E15-99C8-40BB-822C-86013A9F9870}.Release|x86.Build.0 = Release|Win32
	EndGlobalSection
	GlobalSection(SolutionProperties) = preSolution
		HideSolutionNode = FALSE
	EndGlobalSection
	GlobalSection(ExtensibilityGlobals) = postSolution
		SolutionGuid = {9D95AC6C-9296-4062-9D90-AD6C81E7472E}
	EndGlobalSection
EndGlobal
